Microsoft Visual Studio Solution File, Format Version 12.00
# Visual Studio 15
VisualStudioVersion = 15.0.28010.2050
MinimumVisualStudioVersion = 10.0.40219.1
Project("{FAE04EC0-301F-11D3-BF4B-00C04F79EFBC}") = "YDM.Android", "YDM.Android\YDM.Android.csproj", "{64D5CAE7-4B8B-44EA-9367-A5ED8A7E3BC6}"
EndProject
Project("{FAE04EC0-301F-11D3-BF4B-00C04F79EFBC}") = "YDM.iOS", "YDM.iOS\YDM.iOS.csproj", "{7AF95BD0-1E32-455A-8662-5349E94301C7}"
EndProject
Project("{9A19103F-16F7-4668-BE54-9A1E7A4F7556}") = "YDM", "YDM\YDM.csproj", "{D310BEA1-8372-4EBE-B391-3EE4CE3ED7EF}"
EndProject
Project("{FAE04EC0-301F-11D3-BF4B-00C04F79EFBC}") = "YDM.UWP", "YDM.UWP\YDM.UWP.csproj", "{124E697A-BD75-49AE-B904-DC3F1BE8AE93}"
EndProject
Project("{FAE04EC0-301F-11D3-BF4B-00C04F79EFBC}") = "YDM.Share", "YDM.Share\YDM.Share.csproj", "{998516FB-9C8C-49C8-A259-96E9F8E732F0}"
EndProject
Global
	GlobalSection(SolutionConfigurationPlatforms) = preSolution
		Debug|Any CPU = Debug|Any CPU
		Debug|ARM = Debug|ARM
		Debug|iPhone = Debug|iPhone
		Debug|iPhoneSimulator = Debug|iPhoneSimulator
		Debug|x64 = Debug|x64
		Debug|x86 = Debug|x86
		Release|Any CPU = Release|Any CPU
		Release|ARM = Release|ARM
		Release|iPhone = Release|iPhone
		Release|iPhoneSimulator = Release|iPhoneSimulator
		Release|x64 = Release|x64
		Release|x86 = Release|x86
	EndGlobalSection
	GlobalSection(ProjectConfigurationPlatforms) = postSolution
		{64D5CAE7-4B8B-44EA-9367-A5ED8A7E3BC6}.Debug|Any CPU.ActiveCfg = Debug|Any CPU
		{64D5CAE7-4B8B-44EA-9367-A5ED8A7E3BC6}.Debug|Any CPU.Build.0 = Debug|Any CPU
		{64D5CAE7-4B8B-44EA-9367-A5ED8A7E3BC6}.Debug|ARM.ActiveCfg = Debug|Any CPU
		{64D5CAE7-4B8B-44EA-9367-A5ED8A7E3BC6}.Debug|iPhone.ActiveCfg = Debug|Any CPU
		{64D5CAE7-4B8B-44EA-9367-A5ED8A7E3BC6}.Debug|iPhone.Build.0 = Debug|Any CPU
		{64D5CAE7-4B8B-44EA-9367-A5ED8A7E3BC6}.Debug|iPhoneSimulator.ActiveCfg = Debug|Any CPU
		{64D5CAE7-4B8B-44EA-9367-A5ED8A7E3BC6}.Debug|iPhoneSimulator.Build.0 = Debug|Any CPU
		{64D5CAE7-4B8B-44EA-9367-A5ED8A7E3BC6}.Debug|x64.ActiveCfg = Debug|Any CPU
		{64D5CAE7-4B8B-44EA-9367-A5ED8A7E3BC6}.Debug|x86.ActiveCfg = Debug|Any CPU
		{64D5CAE7-4B8B-44EA-9367-A5ED8A7E3BC6}.Release|Any CPU.ActiveCfg = Release|Any CPU
		{64D5CAE7-4B8B-44EA-9367-A5ED8A7E3BC6}.Release|Any CPU.Build.0 = Release|Any CPU
		{64D5CAE7-4B8B-44EA-9367-A5ED8A7E3BC6}.Release|ARM.ActiveCfg = Release|Any CPU
		{64D5CAE7-4B8B-44EA-9367-A5ED8A7E3BC6}.Release|iPhone.ActiveCfg = Release|Any CPU
		{64D5CAE7-4B8B-44EA-9367-A5ED8A7E3BC6}.Release|iPhone.Build.0 = Release|Any CPU
		{64D5CAE7-4B8B-44EA-9367-A5ED8A7E3BC6}.Release|iPhoneSimulator.ActiveCfg = Release|Any CPU
		{64D5CAE7-4B8B-44EA-9367-A5ED8A7E3BC6}.Release|iPhoneSimulator.Build.0 = Release|Any CPU
		{64D5CAE7-4B8B-44EA-9367-A5ED8A7E3BC6}.Release|x64.ActiveCfg = Release|Any CPU
		{64D5CAE7-4B8B-44EA-9367-A5ED8A7E3BC6}.Release|x86.ActiveCfg = Release|Any CPU
		{7AF95BD0-1E32-455A-8662-5349E94301C7}.Debug|Any CPU.ActiveCfg = Debug|iPhoneSimulator
		{7AF95BD0-1E32-455A-8662-5349E94301C7}.Debug|Any CPU.Build.0 = Debug|iPhoneSimulator
		{7AF95BD0-1E32-455A-8662-5349E94301C7}.Debug|ARM.ActiveCfg = Debug|iPhone
		{7AF95BD0-1E32-455A-8662-5349E94301C7}.Debug|iPhone.ActiveCfg = Debug|iPhone
		{7AF95BD0-1E32-455A-8662-5349E94301C7}.Debug|iPhone.Build.0 = Debug|iPhone
		{7AF95BD0-1E32-455A-8662-5349E94301C7}.Debug|iPhoneSimulator.ActiveCfg = Debug|iPhoneSimulator
		{7AF95BD0-1E32-455A-8662-5349E94301C7}.Debug|iPhoneSimulator.Build.0 = Debug|iPhoneSimulator
		{7AF95BD0-1E32-455A-8662-5349E94301C7}.Debug|x64.ActiveCfg = Debug|iPhone
		{7AF95BD0-1E32-455A-8662-5349E94301C7}.Debug|x86.ActiveCfg = Debug|iPhone
		{7AF95BD0-1E32-455A-8662-5349E94301C7}.Release|Any CPU.ActiveCfg = Release|iPhoneSimulator
		{7AF95BD0-1E32-455A-8662-5349E94301C7}.Release|Any CPU.Build.0 = Release|iPhoneSimulator
		{7AF95BD0-1E32-455A-8662-5349E94301C7}.Release|ARM.ActiveCfg = Release|iPhone
		{7AF95BD0-1E32-455A-8662-5349E94301C7}.Release|iPhone.ActiveCfg = Release|iPhone
		{7AF95BD0-1E32-455A-8662-5349E94301C7}.Release|iPhone.Build.0 = Release|iPhone
		{7AF95BD0-1E32-455A-8662-5349E94301C7}.Release|iPhoneSimulator.ActiveCfg = Release|iPhoneSimulator
		{7AF95BD0-1E32-455A-8662-5349E94301C7}.Release|iPhoneSimulator.Build.0 = Release|iPhoneSimulator
		{7AF95BD0-1E32-455A-8662-5349E94301C7}.Release|x64.ActiveCfg = Release|iPhone
		{7AF95BD0-1E32-455A-8662-5349E94301C7}.Release|x86.ActiveCfg = Release|iPhone
		{D310BEA1-8372-4EBE-B391-3EE4CE3ED7EF}.Debug|Any CPU.ActiveCfg = Debug|Any CPU
		{D310BEA1-8372-4EBE-B391-3EE4CE3ED7EF}.Debug|Any CPU.Build.0 = Debug|Any CPU
		{D310BEA1-8372-4EBE-B391-3EE4CE3ED7EF}.Debug|ARM.ActiveCfg = Debug|Any CPU
		{D310BEA1-8372-4EBE-B391-3EE4CE3ED7EF}.Debug|ARM.Build.0 = Debug|Any CPU
		{D310BEA1-8372-4EBE-B391-3EE4CE3ED7EF}.Debug|iPhone.ActiveCfg = Debug|Any CPU
		{D310BEA1-8372-4EBE-B391-3EE4CE3ED7EF}.Debug|iPhone.Build.0 = Debug|Any CPU
		{D310BEA1-8372-4EBE-B391-3EE4CE3ED7EF}.Debug|iPhoneSimulator.ActiveCfg = Debug|Any CPU
		{D310BEA1-8372-4EBE-B391-3EE4CE3ED7EF}.Debug|iPhoneSimulator.Build.0 = Debug|Any CPU
		{D310BEA1-8372-4EBE-B391-3EE4CE3ED7EF}.Debug|x64.ActiveCfg = Debug|Any CPU
		{D310BEA1-8372-4EBE-B391-3EE4CE3ED7EF}.Debug|x64.Build.0 = Debug|Any CPU
		{D310BEA1-8372-4EBE-B391-3EE4CE3ED7EF}.Debug|x86.ActiveCfg = Debug|Any CPU
		{D310BEA1-8372-4EBE-B391-3EE4CE3ED7EF}.Debug|x86.Build.0 = Debug|Any CPU
		{D310BEA1-8372-4EBE-B391-3EE4CE3ED7EF}.Release|Any CPU.ActiveCfg = Release|Any CPU
		{D310BEA1-8372-4EBE-B391-3EE4CE3ED7EF}.Release|Any CPU.Build.0 = Release|Any CPU
		{D310BEA1-8372-4EBE-B391-3EE4CE3ED7EF}.Release|ARM.ActiveCfg = Release|Any CPU
		{D310BEA1-8372-4EBE-B391-3EE4CE3ED7EF}.Release|ARM.Build.0 = Release|Any CPU
		{D310BEA1-8372-4EBE-B391-3EE4CE3ED7EF}.Release|iPhone.ActiveCfg = Release|Any CPU
		{D310BEA1-8372-4EBE-B391-3EE4CE3ED7EF}.Release|iPhone.Build.0 = Release|Any CPU
		{D310BEA1-8372-4EBE-B391-3EE4CE3ED7EF}.Release|iPhoneSimulator.ActiveCfg = Release|Any CPU
		{D310BEA1-8372-4EBE-B391-3EE4CE3ED7EF}.Release|iPhoneSimulator.Build.0 = Release|Any CPU
		{D310BEA1-8372-4EBE-B391-3EE4CE3ED7EF}.Release|x64.ActiveCfg = Release|Any CPU
		{D310BEA1-8372-4EBE-B391-3EE4CE3ED7EF}.Release|x64.Build.0 = Release|Any CPU
		{D310BEA1-8372-4EBE-B391-3EE4CE3ED7EF}.Release|x86.ActiveCfg = Release|Any CPU
		{D310BEA1-8372-4EBE-B391-3EE4CE3ED7EF}.Release|x86.Build.0 = Release|Any CPU
		{124E697A-BD75-49AE-B904-DC3F1BE8AE93}.Debug|Any CPU.ActiveCfg = Debug|x86
		{124E697A-BD75-49AE-B904-DC3F1BE8AE93}.Debug|ARM.ActiveCfg = Debug|ARM
		{124E697A-BD75-49AE-B904-DC3F1BE8AE93}.Debug|ARM.Build.0 = Debug|ARM
		{124E697A-BD75-49AE-B904-DC3F1BE8AE93}.Debug|ARM.Deploy.0 = Debug|ARM
		{124E697A-BD75-49AE-B904-DC3F1BE8AE93}.Debug|iPhone.ActiveCfg = Debug|x86
		{124E697A-BD75-49AE-B904-DC3F1BE8AE93}.Debug|iPhoneSimulator.ActiveCfg = Debug|x86
		{124E697A-BD75-49AE-B904-DC3F1BE8AE93}.Debug|x64.ActiveCfg = Debug|x64
		{124E697A-BD75-49AE-B904-DC3F1BE8AE93}.Debug|x64.Build.0 = Debug|x64
		{124E697A-BD75-49AE-B904-DC3F1BE8AE93}.Debug|x64.Deploy.0 = Debug|x64
		{124E697A-BD75-49AE-B904-DC3F1BE8AE93}.Debug|x86.ActiveCfg = Debug|x86
		{124E697A-BD75-49AE-B904-DC3F1BE8AE93}.Debug|x86.Build.0 = Debug|x86
		{124E697A-BD75-49AE-B904-DC3F1BE8AE93}.Debug|x86.Deploy.0 = Debug|x86
		{124E697A-BD75-49AE-B904-DC3F1BE8AE93}.Release|Any CPU.ActiveCfg = Release|x86
		{124E697A-BD75-49AE-B904-DC3F1BE8AE93}.Release|ARM.ActiveCfg = Release|ARM
		{124E697A-BD75-49AE-B904-DC3F1BE8AE93}.Release|ARM.Build.0 = Release|ARM
		{124E697A-BD75-49AE-B904-DC3F1BE8AE93}.Release|ARM.Deploy.0 = Release|ARM
		{124E697A-BD75-49AE-B904-DC3F1BE8AE93}.Release|iPhone.ActiveCfg = Release|x86
		{124E697A-BD75-49AE-B904-DC3F1BE8AE93}.Release|iPhoneSimulator.ActiveCfg = Release|x86
		{124E697A-BD75-49AE-B904-DC3F1BE8AE93}.Release|x64.ActiveCfg = Release|x64
		{124E697A-BD75-49AE-B904-DC3F1BE8AE93}.Release|x64.Build.0 = Release|x64
		{124E697A-BD75-49AE-B904-DC3F1BE8AE93}.Release|x64.Deploy.0 = Release|x64
		{124E697A-BD75-49AE-B904-DC3F1BE8AE93}.Release|x86.ActiveCfg = Release|x86
		{124E697A-BD75-49AE-B904-DC3F1BE8AE93}.Release|x86.Build.0 = Release|x86
		{124E697A-BD75-49AE-B904-DC3F1BE8AE93}.Release|x86.Deploy.0 = Release|x86
		{998516FB-9C8C-49C8-A259-96E9F8E732F0}.Debug|Any CPU.ActiveCfg = Debug|Any CPU
		{998516FB-9C8C-49C8-A259-96E9F8E732F0}.Debug|Any CPU.Build.0 = Debug|Any CPU
		{998516FB-9C8C-49C8-A259-96E9F8E732F0}.Debug|ARM.ActiveCfg = Debug|Any CPU
		{998516FB-9C8C-49C8-A259-96E9F8E732F0}.Debug|ARM.Build.0 = Debug|Any CPU
		{998516FB-9C8C-49C8-A259-96E9F8E732F0}.Debug|iPhone.ActiveCfg = Debug|Any CPU
		{998516FB-9C8C-49C8-A259-96E9F8E732F0}.Debug|iPhone.Build.0 = Debug|Any CPU
		{998516FB-9C8C-49C8-A259-96E9F8E732F0}.Debug|iPhoneSimulator.ActiveCfg = Debug|Any CPU
		{998516FB-9C8C-49C8-A259-96E9F8E732F0}.Debug|iPhoneSimulator.Build.0 = Debug|Any CPU
		{998516FB-9C8C-49C8-A259-96E9F8E732F0}.Debug|x64.ActiveCfg = Debug|Any CPU
		{998516FB-9C8C-49C8-A259-96E9F8E732F0}.Debug|x64.Build.0 = Debug|Any CPU
		{998516FB-9C8C-49C8-A259-96E9F8E732F0}.Debug|x86.ActiveCfg = Debug|Any CPU
		{998516FB-9C8C-49C8-A259-96E9F8E732F0}.Debug|x86.Build.0 = Debug|Any CPU
		{998516FB-9C8C-49C8-A259-96E9F8E732F0}.Release|Any CPU.ActiveCfg = Release|Any CPU
		{998516FB-9C8C-49C8-A259-96E9F8E732F0}.Release|Any CPU.Build.0 = Release|Any CPU
		{998516FB-9C8C-49C8-A259-96E9F8E732F0}.Release|ARM.ActiveCfg = Release|Any CPU
		{998516FB-9C8C-49C8-A259-96E9F8E732F0}.Release|ARM.Build.0 = Release|Any CPU
		{998516FB-9C8C-49C8-A259-96E9F8E732F0}.Release|iPhone.ActiveCfg = Release|Any CPU
		{998516FB-9C8C-49C8-A259-96E9F8E732F0}.Release|iPhone.Build.0 = Release|Any CPU
		{998516FB-9C8C-49C8-A259-96E9F8E732F0}.Release|iPhoneSimulator.ActiveCfg = Release|Any CPU
		{998516FB-9C8C-49C8-A259-96E9F8E732F0}.Release|iPhoneSimulator.Build.0 = Release|Any CPU
		{998516FB-9C8C-49C8-A259-96E9F8E732F0}.Release|x64.ActiveCfg = Release|Any CPU
		{998516FB-9C8C-49C8-A259-96E9F8E732F0}.Release|x64.Build.0 = Release|Any CPU
		{998516FB-9C8C-49C8-A259-96E9F8E732F0}.Release|x86.ActiveCfg = Release|Any CPU
		{998516FB-9C8C-49C8-A259-96E9F8E732F0}.Release|x86.Build.0 = Release|Any CPU
	EndGlobalSection
	GlobalSection(SolutionProperties) = preSolution
		HideSolutionNode = FALSE
	EndGlobalSection
	GlobalSection(ExtensibilityGlobals) = postSolution
		SolutionGuid = {EE470E60-63A4-4236-A0ED-259CCA2F1526}
	EndGlobalSection
EndGlobal
